
Microsoft Visual Studio Solution File, Format Version 12.00
Project("{FAE04EC0-301F-11D3-BF4B-00C04F79EFBC}") = "Task2", "Task2\Task2.csproj", "{D230F707-CEB1-4258-AA49-153AFFC0EAFB}"
EndProject
Project("{FAE04EC0-301F-11D3-BF4B-00C04F79EFBC}") = "Task3", "Task3\Task3.csproj", "{05DF17E9-2143-4F0C-9BF0-0DD98E686E0C}"
EndProject
Project("{FAE04EC0-301F-11D3-BF4B-00C04F79EFBC}") = "Task4", "Task4\Task4.csproj", "{849EE1FF-4E84-4E73-A5C5-0933E7A11D37}"
EndProject
Project("{FAE04EC0-301F-11D3-BF4B-00C04F79EFBC}") = "Task6", "Task6\Task6.csproj", "{09496258-8CB4-4F77-A0BB-E49C26B9D138}"
EndProject
Global
	GlobalSection(SolutionConfigurationPlatforms) = preSolution
		Debug|Any CPU = Debug|Any CPU
		Release|Any CPU = Release|Any CPU
	EndGlobalSection
	GlobalSection(ProjectConfigurationPlatforms) = postSolution
		{D230F707-CEB1-4258-AA49-153AFFC0EAFB}.Debug|Any CPU.ActiveCfg = Debug|Any CPU
		{D230F707-CEB1-4258-AA49-153AFFC0EAFB}.Debug|Any CPU.Build.0 = Debug|Any CPU
		{D230F707-CEB1-4258-AA49-153AFFC0EAFB}.Release|Any CPU.ActiveCfg = Release|Any CPU
		{D230F707-CEB1-4258-AA49-153AFFC0EAFB}.Release|Any CPU.Build.0 = Release|Any CPU
		{05DF17E9-2143-4F0C-9BF0-0DD98E686E0C}.Debug|Any CPU.ActiveCfg = Debug|Any CPU
		{05DF17E9-2143-4F0C-9BF0-0DD98E686E0C}.Debug|Any CPU.Build.0 = Debug|Any CPU
		{05DF17E9-2143-4F0C-9BF0-0DD98E686E0C}.Release|Any CPU.ActiveCfg = Release|Any CPU
		{05DF17E9-2143-4F0C-9BF0-0DD98E686E0C}.Release|Any CPU.Build.0 = Release|Any CPU
		{849EE1FF-4E84-4E73-A5C5-0933E7A11D37}.Debug|Any CPU.ActiveCfg = Debug|Any CPU
		{849EE1FF-4E84-4E73-A5C5-0933E7A11D37}.Debug|Any CPU.Build.0 = Debug|Any CPU
		{849EE1FF-4E84-4E73-A5C5-0933E7A11D37}.Release|Any CPU.ActiveCfg = Release|Any CPU
		{849EE1FF-4E84-4E73-A5C5-0933E7A11D37}.Release|Any CPU.Build.0 = Release|Any CPU
		{09496258-8CB4-4F77-A0BB-E49C26B9D138}.Debug|Any CPU.ActiveCfg = Debug|Any CPU
		{09496258-8CB4-4F77-A0BB-E49C26B9D138}.Debug|Any CPU.Build.0 = Debug|Any CPU
		{09496258-8CB4-4F77-A0BB-E49C26B9D138}.Release|Any CPU.ActiveCfg = Release|Any CPU
		{09496258-8CB4-4F77-A0BB-E49C26B9D138}.Release|Any CPU.Build.0 = Release|Any CPU
	EndGlobalSection
EndGlobal
