
Microsoft Visual Studio Solution File, Format Version 12.00
Project("{FAE04EC0-301F-11D3-BF4B-00C04F79EFBC}") = "Task2", "Task2\Task2.csproj", "{D230F707-CEB1-4258-AA49-153AFFC0EAFB}"
EndProject
Global
	GlobalSection(SolutionConfigurationPlatforms) = preSolution
		Debug|Any CPU = Debug|Any CPU
		Release|Any CPU = Release|Any CPU
	EndGlobalSection
	GlobalSection(ProjectConfigurationPlatforms) = postSolution
		{D230F707-CEB1-4258-AA49-153AFFC0EAFB}.Debug|Any CPU.ActiveCfg = Debug|Any CPU
		{D230F707-CEB1-4258-AA49-153AFFC0EAFB}.Debug|Any CPU.Build.0 = Debug|Any CPU
		{D230F707-CEB1-4258-AA49-153AFFC0EAFB}.Release|Any CPU.ActiveCfg = Release|Any CPU
		{D230F707-CEB1-4258-AA49-153AFFC0EAFB}.Release|Any CPU.Build.0 = Release|Any CPU
	EndGlobalSection
EndGlobal
